// !$*UTF8*$!
{
	archiveVersion = 1;
	classes = {
	};
	objectVersion = 46;
	objects = {

/* Begin PBXBuildFile section */
		E288FFC71DBA8D5A00D22189 /* AppDelegate.swift in Sources */ = {isa = PBXBuildFile; fileRef = E288FFC61DBA8D5A00D22189 /* AppDelegate.swift */; };
		E288FFDC1DBA8D5B00D22189 /* TicTacToeTests.swift in Sources */ = {isa = PBXBuildFile; fileRef = E288FFDB1DBA8D5B00D22189 /* TicTacToeTests.swift */; };
		E288FFE91DBA8DBD00D22189 /* GameViewController.swift in Sources */ = {isa = PBXBuildFile; fileRef = E288FFE81DBA8DBD00D22189 /* GameViewController.swift */; };
		E288FFEB1DBA8DD500D22189 /* Assets.xcassets in Resources */ = {isa = PBXBuildFile; fileRef = E288FFEA1DBA8DD500D22189 /* Assets.xcassets */; };
		E288FFF01DBA8DDD00D22189 /* LaunchScreen.storyboard in Resources */ = {isa = PBXBuildFile; fileRef = E288FFEC1DBA8DDD00D22189 /* LaunchScreen.storyboard */; };
		E288FFF11DBA8DDD00D22189 /* Main.storyboard in Resources */ = {isa = PBXBuildFile; fileRef = E288FFEE1DBA8DDD00D22189 /* Main.storyboard */; };
		E288FFF51DBA8EC500D22189 /* Board.swift in Sources */ = {isa = PBXBuildFile; fileRef = E288FFF41DBA8EC500D22189 /* Board.swift */; };
		E288FFF71DBA8F0500D22189 /* Player.swift in Sources */ = {isa = PBXBuildFile; fileRef = E288FFF61DBA8F0500D22189 /* Player.swift */; };
		E288FFF91DBA8F2E00D22189 /* Field.swift in Sources */ = {isa = PBXBuildFile; fileRef = E288FFF81DBA8F2E00D22189 /* Field.swift */; };
		E288FFFB1DBA8F9E00D22189 /* BoardView.swift in Sources */ = {isa = PBXBuildFile; fileRef = E288FFFA1DBA8F9E00D22189 /* BoardView.swift */; };
/* End PBXBuildFile section */

/* Begin PBXContainerItemProxy section */
		E288FFD81DBA8D5B00D22189 /* PBXContainerItemProxy */ = {
			isa = PBXContainerItemProxy;
			containerPortal = E288FFBB1DBA8D5A00D22189 /* Project object */;
			proxyType = 1;
			remoteGlobalIDString = E288FFC21DBA8D5A00D22189;
			remoteInfo = TicTacToe;
		};
/* End PBXContainerItemProxy section */

/* Begin PBXFileReference section */
		E288FFC31DBA8D5A00D22189 /* TicTacToe.app */ = {isa = PBXFileReference; explicitFileType = wrapper.application; includeInIndex = 0; path = TicTacToe.app; sourceTree = BUILT_PRODUCTS_DIR; };
		E288FFC61DBA8D5A00D22189 /* AppDelegate.swift */ = {isa = PBXFileReference; lastKnownFileType = sourcecode.swift; path = AppDelegate.swift; sourceTree = "<group>"; };
		E288FFD21DBA8D5A00D22189 /* Info.plist */ = {isa = PBXFileReference; lastKnownFileType = text.plist.xml; path = Info.plist; sourceTree = "<group>"; };
		E288FFD71DBA8D5B00D22189 /* TicTacToeTests.xctest */ = {isa = PBXFileReference; explicitFileType = wrapper.cfbundle; includeInIndex = 0; path = TicTacToeTests.xctest; sourceTree = BUILT_PRODUCTS_DIR; };
		E288FFDB1DBA8D5B00D22189 /* TicTacToeTests.swift */ = {isa = PBXFileReference; lastKnownFileType = sourcecode.swift; path = TicTacToeTests.swift; sourceTree = "<group>"; };
		E288FFDD1DBA8D5B00D22189 /* Info.plist */ = {isa = PBXFileReference; lastKnownFileType = text.plist.xml; path = Info.plist; sourceTree = "<group>"; };
		E288FFE81DBA8DBD00D22189 /* GameViewController.swift */ = {isa = PBXFileReference; fileEncoding = 4; lastKnownFileType = sourcecode.swift; name = GameViewController.swift; path = "Game View Controller/GameViewController.swift"; sourceTree = "<group>"; };
		E288FFEA1DBA8DD500D22189 /* Assets.xcassets */ = {isa = PBXFileReference; lastKnownFileType = folder.assetcatalog; name = Assets.xcassets; path = "Supporting Files/Assets.xcassets"; sourceTree = "<group>"; };
		E288FFED1DBA8DDD00D22189 /* Base */ = {isa = PBXFileReference; lastKnownFileType = file.storyboard; name = Base; path = "Supporting Files/Base.lproj/LaunchScreen.storyboard"; sourceTree = "<group>"; };
		E288FFEF1DBA8DDD00D22189 /* Base */ = {isa = PBXFileReference; lastKnownFileType = file.storyboard; name = Base; path = "Supporting Files/Base.lproj/Main.storyboard"; sourceTree = "<group>"; };
		E288FFF41DBA8EC500D22189 /* Board.swift */ = {isa = PBXFileReference; fileEncoding = 4; lastKnownFileType = sourcecode.swift; name = Board.swift; path = Model/Board.swift; sourceTree = "<group>"; };
		E288FFF61DBA8F0500D22189 /* Player.swift */ = {isa = PBXFileReference; fileEncoding = 4; lastKnownFileType = sourcecode.swift; name = Player.swift; path = Model/Player.swift; sourceTree = "<group>"; };
		E288FFF81DBA8F2E00D22189 /* Field.swift */ = {isa = PBXFileReference; fileEncoding = 4; lastKnownFileType = sourcecode.swift; name = Field.swift; path = Model/Field.swift; sourceTree = "<group>"; };
		E288FFFA1DBA8F9E00D22189 /* BoardView.swift */ = {isa = PBXFileReference; fileEncoding = 4; lastKnownFileType = sourcecode.swift; name = BoardView.swift; path = View/BoardView.swift; sourceTree = "<group>"; };
/* End PBXFileReference section */

/* Begin PBXFrameworksBuildPhase section */
		E288FFC01DBA8D5A00D22189 /* Frameworks */ = {
			isa = PBXFrameworksBuildPhase;
			buildActionMask = 2147483647;
			files = (
			);
			runOnlyForDeploymentPostprocessing = 0;
		};
		E288FFD41DBA8D5B00D22189 /* Frameworks */ = {
			isa = PBXFrameworksBuildPhase;
			buildActionMask = 2147483647;
			files = (
			);
			runOnlyForDeploymentPostprocessing = 0;
		};
/* End PBXFrameworksBuildPhase section */

/* Begin PBXGroup section */
		E288FFBA1DBA8D5A00D22189 = {
			isa = PBXGroup;
			children = (
				E288FFC51DBA8D5A00D22189 /* TicTacToe */,
				E288FFDA1DBA8D5B00D22189 /* TicTacToeTests */,
				E288FFC41DBA8D5A00D22189 /* Products */,
			);
			sourceTree = "<group>";
		};
		E288FFC41DBA8D5A00D22189 /* Products */ = {
			isa = PBXGroup;
			children = (
				E288FFC31DBA8D5A00D22189 /* TicTacToe.app */,
				E288FFD71DBA8D5B00D22189 /* TicTacToeTests.xctest */,
			);
			name = Products;
			sourceTree = "<group>";
		};
		E288FFC51DBA8D5A00D22189 /* TicTacToe */ = {
			isa = PBXGroup;
			children = (
				E288FFC61DBA8D5A00D22189 /* AppDelegate.swift */,
				E288FFE61DBA8D6100D22189 /* Game View Controller */,
				E288FFF21DBA8E3600D22189 /* Model */,
				E288FFF31DBA8E3F00D22189 /* View */,
				E288FFE71DBA8D8000D22189 /* Supporting Files */,
			);
			path = TicTacToe;
			sourceTree = "<group>";
		};
		E288FFDA1DBA8D5B00D22189 /* TicTacToeTests */ = {
			isa = PBXGroup;
			children = (
				E288FFDB1DBA8D5B00D22189 /* TicTacToeTests.swift */,
				E288FFDD1DBA8D5B00D22189 /* Info.plist */,
			);
			path = TicTacToeTests;
			sourceTree = "<group>";
		};
		E288FFE61DBA8D6100D22189 /* Game View Controller */ = {
			isa = PBXGroup;
			children = (
				E288FFE81DBA8DBD00D22189 /* GameViewController.swift */,
			);
			name = "Game View Controller";
			sourceTree = "<group>";
		};
		E288FFE71DBA8D8000D22189 /* Supporting Files */ = {
			isa = PBXGroup;
			children = (
				E288FFEC1DBA8DDD00D22189 /* LaunchScreen.storyboard */,
				E288FFEE1DBA8DDD00D22189 /* Main.storyboard */,
				E288FFEA1DBA8DD500D22189 /* Assets.xcassets */,
				E288FFD21DBA8D5A00D22189 /* Info.plist */,
			);
			name = "Supporting Files";
			sourceTree = "<group>";
		};
		E288FFF21DBA8E3600D22189 /* Model */ = {
			isa = PBXGroup;
			children = (
				E288FFF41DBA8EC500D22189 /* Board.swift */,
				E288FFF61DBA8F0500D22189 /* Player.swift */,
				E288FFF81DBA8F2E00D22189 /* Field.swift */,
			);
			name = Model;
			sourceTree = "<group>";
		};
		E288FFF31DBA8E3F00D22189 /* View */ = {
			isa = PBXGroup;
			children = (
				E288FFFA1DBA8F9E00D22189 /* BoardView.swift */,
			);
			name = View;
			sourceTree = "<group>";
		};
/* End PBXGroup section */

/* Begin PBXNativeTarget section */
		E288FFC21DBA8D5A00D22189 /* TicTacToe */ = {
			isa = PBXNativeTarget;
			buildConfigurationList = E288FFE01DBA8D5B00D22189 /* Build configuration list for PBXNativeTarget "TicTacToe" */;
			buildPhases = (
				E288FFBF1DBA8D5A00D22189 /* Sources */,
				E288FFC01DBA8D5A00D22189 /* Frameworks */,
				E288FFC11DBA8D5A00D22189 /* Resources */,
			);
			buildRules = (
			);
			dependencies = (
			);
			name = TicTacToe;
			productName = TicTacToe;
			productReference = E288FFC31DBA8D5A00D22189 /* TicTacToe.app */;
			productType = "com.apple.product-type.application";
		};
		E288FFD61DBA8D5B00D22189 /* TicTacToeTests */ = {
			isa = PBXNativeTarget;
			buildConfigurationList = E288FFE31DBA8D5B00D22189 /* Build configuration list for PBXNativeTarget "TicTacToeTests" */;
			buildPhases = (
				E288FFD31DBA8D5B00D22189 /* Sources */,
				E288FFD41DBA8D5B00D22189 /* Frameworks */,
				E288FFD51DBA8D5B00D22189 /* Resources */,
			);
			buildRules = (
			);
			dependencies = (
				E288FFD91DBA8D5B00D22189 /* PBXTargetDependency */,
			);
			name = TicTacToeTests;
			productName = TicTacToeTests;
			productReference = E288FFD71DBA8D5B00D22189 /* TicTacToeTests.xctest */;
			productType = "com.apple.product-type.bundle.unit-test";
		};
/* End PBXNativeTarget section */

/* Begin PBXProject section */
		E288FFBB1DBA8D5A00D22189 /* Project object */ = {
			isa = PBXProject;
			attributes = {
				LastSwiftUpdateCheck = 0800;
				LastUpgradeCheck = 0800;
				ORGANIZATIONNAME = Jake;
				TargetAttributes = {
					E288FFC21DBA8D5A00D22189 = {
						CreatedOnToolsVersion = 8.0;
						DevelopmentTeam = MPF357W934;
						ProvisioningStyle = Automatic;
					};
					E288FFD61DBA8D5B00D22189 = {
						CreatedOnToolsVersion = 8.0;
						DevelopmentTeam = MPF357W934;
						ProvisioningStyle = Automatic;
						TestTargetID = E288FFC21DBA8D5A00D22189;
					};
				};
			};
			buildConfigurationList = E288FFBE1DBA8D5A00D22189 /* Build configuration list for PBXProject "TicTacToe" */;
			compatibilityVersion = "Xcode 3.2";
			developmentRegion = English;
			hasScannedForEncodings = 0;
			knownRegions = (
				en,
				Base,
			);
			mainGroup = E288FFBA1DBA8D5A00D22189;
			productRefGroup = E288FFC41DBA8D5A00D22189 /* Products */;
			projectDirPath = "";
			projectRoot = "";
			targets = (
				E288FFC21DBA8D5A00D22189 /* TicTacToe */,
				E288FFD61DBA8D5B00D22189 /* TicTacToeTests */,
			);
		};
/* End PBXProject section */

/* Begin PBXResourcesBuildPhase section */
		E288FFC11DBA8D5A00D22189 /* Resources */ = {
			isa = PBXResourcesBuildPhase;
			buildActionMask = 2147483647;
			files = (
				E288FFF11DBA8DDD00D22189 /* Main.storyboard in Resources */,
				E288FFEB1DBA8DD500D22189 /* Assets.xcassets in Resources */,
				E288FFF01DBA8DDD00D22189 /* LaunchScreen.storyboard in Resources */,
			);
			runOnlyForDeploymentPostprocessing = 0;
		};
		E288FFD51DBA8D5B00D22189 /* Resources */ = {
			isa = PBXResourcesBuildPhase;
			buildActionMask = 2147483647;
			files = (
			);
			runOnlyForDeploymentPostprocessing = 0;
		};
/* End PBXResourcesBuildPhase section */

/* Begin PBXSourcesBuildPhase section */
		E288FFBF1DBA8D5A00D22189 /* Sources */ = {
			isa = PBXSourcesBuildPhase;
			buildActionMask = 2147483647;
			files = (
				E288FFF91DBA8F2E00D22189 /* Field.swift in Sources */,
				E288FFF71DBA8F0500D22189 /* Player.swift in Sources */,
				E288FFE91DBA8DBD00D22189 /* GameViewController.swift in Sources */,
				E288FFFB1DBA8F9E00D22189 /* BoardView.swift in Sources */,
				E288FFC71DBA8D5A00D22189 /* AppDelegate.swift in Sources */,
				E288FFF51DBA8EC500D22189 /* Board.swift in Sources */,
			);
			runOnlyForDeploymentPostprocessing = 0;
		};
		E288FFD31DBA8D5B00D22189 /* Sources */ = {
			isa = PBXSourcesBuildPhase;
			buildActionMask = 2147483647;
			files = (
				E288FFDC1DBA8D5B00D22189 /* TicTacToeTests.swift in Sources */,
			);
			runOnlyForDeploymentPostprocessing = 0;
		};
/* End PBXSourcesBuildPhase section */

/* Begin PBXTargetDependency section */
		E288FFD91DBA8D5B00D22189 /* PBXTargetDependency */ = {
			isa = PBXTargetDependency;
			target = E288FFC21DBA8D5A00D22189 /* TicTacToe */;
			targetProxy = E288FFD81DBA8D5B00D22189 /* PBXContainerItemProxy */;
		};
/* End PBXTargetDependency section */

/* Begin PBXVariantGroup section */
		E288FFEC1DBA8DDD00D22189 /* LaunchScreen.storyboard */ = {
			isa = PBXVariantGroup;
			children = (
				E288FFED1DBA8DDD00D22189 /* Base */,
			);
			name = LaunchScreen.storyboard;
			sourceTree = "<group>";
		};
		E288FFEE1DBA8DDD00D22189 /* Main.storyboard */ = {
			isa = PBXVariantGroup;
			children = (
				E288FFEF1DBA8DDD00D22189 /* Base */,
			);
			name = Main.storyboard;
			sourceTree = "<group>";
		};
/* End PBXVariantGroup section */

/* Begin XCBuildConfiguration section */
		E288FFDE1DBA8D5B00D22189 /* Debug */ = {
			isa = XCBuildConfiguration;
			buildSettings = {
				ALWAYS_SEARCH_USER_PATHS = NO;
				CLANG_ANALYZER_NONNULL = YES;
				CLANG_CXX_LANGUAGE_STANDARD = "gnu++0x";
				CLANG_CXX_LIBRARY = "libc++";
				CLANG_ENABLE_MODULES = YES;
				CLANG_ENABLE_OBJC_ARC = YES;
				CLANG_WARN_BOOL_CONVERSION = YES;
				CLANG_WARN_CONSTANT_CONVERSION = YES;
				CLANG_WARN_DIRECT_OBJC_ISA_USAGE = YES_ERROR;
				CLANG_WARN_DOCUMENTATION_COMMENTS = YES;
				CLANG_WARN_EMPTY_BODY = YES;
				CLANG_WARN_ENUM_CONVERSION = YES;
				CLANG_WARN_INFINITE_RECURSION = YES;
				CLANG_WARN_INT_CONVERSION = YES;
				CLANG_WARN_OBJC_ROOT_CLASS = YES_ERROR;
				CLANG_WARN_SUSPICIOUS_MOVES = YES;
				CLANG_WARN_UNREACHABLE_CODE = YES;
				CLANG_WARN__DUPLICATE_METHOD_MATCH = YES;
				"CODE_SIGN_IDENTITY[sdk=iphoneos*]" = "iPhone Developer";
				COPY_PHASE_STRIP = NO;
				DEBUG_INFORMATION_FORMAT = dwarf;
				ENABLE_STRICT_OBJC_MSGSEND = YES;
				ENABLE_TESTABILITY = YES;
				GCC_C_LANGUAGE_STANDARD = gnu99;
				GCC_DYNAMIC_NO_PIC = NO;
				GCC_NO_COMMON_BLOCKS = YES;
				GCC_OPTIMIZATION_LEVEL = 0;
				GCC_PREPROCESSOR_DEFINITIONS = (
					"DEBUG=1",
					"$(inherited)",
				);
				GCC_WARN_64_TO_32_BIT_CONVERSION = YES;
				GCC_WARN_ABOUT_RETURN_TYPE = YES_ERROR;
				GCC_WARN_UNDECLARED_SELECTOR = YES;
				GCC_WARN_UNINITIALIZED_AUTOS = YES_AGGRESSIVE;
				GCC_WARN_UNUSED_FUNCTION = YES;
				GCC_WARN_UNUSED_VARIABLE = YES;
				IPHONEOS_DEPLOYMENT_TARGET = 10.0;
				MTL_ENABLE_DEBUG_INFO = YES;
				ONLY_ACTIVE_ARCH = YES;
				SDKROOT = iphoneos;
				SWIFT_ACTIVE_COMPILATION_CONDITIONS = DEBUG;
				SWIFT_OPTIMIZATION_LEVEL = "-Onone";
			};
			name = Debug;
		};
		E288FFDF1DBA8D5B00D22189 /* Release */ = {
			isa = XCBuildConfiguration;
			buildSettings = {
				ALWAYS_SEARCH_USER_PATHS = NO;
				CLANG_ANALYZER_NONNULL = YES;
				CLANG_CXX_LANGUAGE_STANDARD = "gnu++0x";
				CLANG_CXX_LIBRARY = "libc++";
				CLANG_ENABLE_MODULES = YES;
				CLANG_ENABLE_OBJC_ARC = YES;
				CLANG_WARN_BOOL_CONVERSION = YES;
				CLANG_WARN_CONSTANT_CONVERSION = YES;
				CLANG_WARN_DIRECT_OBJC_ISA_USAGE = YES_ERROR;
				CLANG_WARN_DOCUMENTATION_COMMENTS = YES;
				CLANG_WARN_EMPTY_BODY = YES;
				CLANG_WARN_ENUM_CONVERSION = YES;
				CLANG_WARN_INFINITE_RECURSION = YES;
				CLANG_WARN_INT_CONVERSION = YES;
				CLANG_WARN_OBJC_ROOT_CLASS = YES_ERROR;
				CLANG_WARN_SUSPICIOUS_MOVES = YES;
				CLANG_WARN_UNREACHABLE_CODE = YES;
				CLANG_WARN__DUPLICATE_METHOD_MATCH = YES;
				"CODE_SIGN_IDENTITY[sdk=iphoneos*]" = "iPhone Developer";
				COPY_PHASE_STRIP = NO;
				DEBUG_INFORMATION_FORMAT = "dwarf-with-dsym";
				ENABLE_NS_ASSERTIONS = NO;
				ENABLE_STRICT_OBJC_MSGSEND = YES;
				GCC_C_LANGUAGE_STANDARD = gnu99;
				GCC_NO_COMMON_BLOCKS = YES;
				GCC_WARN_64_TO_32_BIT_CONVERSION = YES;
				GCC_WARN_ABOUT_RETURN_TYPE = YES_ERROR;
				GCC_WARN_UNDECLARED_SELECTOR = YES;
				GCC_WARN_UNINITIALIZED_AUTOS = YES_AGGRESSIVE;
				GCC_WARN_UNUSED_FUNCTION = YES;
				GCC_WARN_UNUSED_VARIABLE = YES;
				IPHONEOS_DEPLOYMENT_TARGET = 10.0;
				MTL_ENABLE_DEBUG_INFO = NO;
				SDKROOT = iphoneos;
				SWIFT_OPTIMIZATION_LEVEL = "-Owholemodule";
				VALIDATE_PRODUCT = YES;
			};
			name = Release;
		};
		E288FFE11DBA8D5B00D22189 /* Debug */ = {
			isa = XCBuildConfiguration;
			buildSettings = {
				ASSETCATALOG_COMPILER_APPICON_NAME = AppIcon;
				DEVELOPMENT_TEAM = MPF357W934;
				INFOPLIST_FILE = TicTacToe/Info.plist;
				LD_RUNPATH_SEARCH_PATHS = "$(inherited) @executable_path/Frameworks";
				PRODUCT_BUNDLE_IDENTIFIER = com.jakezeal.TicTacToe;
				PRODUCT_NAME = "$(TARGET_NAME)";
				SWIFT_VERSION = 3.0;
			};
			name = Debug;
		};
		E288FFE21DBA8D5B00D22189 /* Release */ = {
			isa = XCBuildConfiguration;
			buildSettings = {
				ASSETCATALOG_COMPILER_APPICON_NAME = AppIcon;
				DEVELOPMENT_TEAM = MPF357W934;
				INFOPLIST_FILE = TicTacToe/Info.plist;
				LD_RUNPATH_SEARCH_PATHS = "$(inherited) @executable_path/Frameworks";
				PRODUCT_BUNDLE_IDENTIFIER = com.jakezeal.TicTacToe;
				PRODUCT_NAME = "$(TARGET_NAME)";
				SWIFT_VERSION = 3.0;
			};
			name = Release;
		};
		E288FFE41DBA8D5B00D22189 /* Debug */ = {
			isa = XCBuildConfiguration;
			buildSettings = {
				ALWAYS_EMBED_SWIFT_STANDARD_LIBRARIES = YES;
				BUNDLE_LOADER = "$(TEST_HOST)";
				DEVELOPMENT_TEAM = MPF357W934;
				INFOPLIST_FILE = TicTacToeTests/Info.plist;
				LD_RUNPATH_SEARCH_PATHS = "$(inherited) @executable_path/Frameworks @loader_path/Frameworks";
				PRODUCT_BUNDLE_IDENTIFIER = com.jakezeal.TicTacToeTests;
				PRODUCT_NAME = "$(TARGET_NAME)";
				SWIFT_VERSION = 3.0;
				TEST_HOST = "$(BUILT_PRODUCTS_DIR)/TicTacToe.app/TicTacToe";
			};
			name = Debug;
		};
		E288FFE51DBA8D5B00D22189 /* Release */ = {
			isa = XCBuildConfiguration;
			buildSettings = {
				ALWAYS_EMBED_SWIFT_STANDARD_LIBRARIES = YES;
				BUNDLE_LOADER = "$(TEST_HOST)";
				DEVELOPMENT_TEAM = MPF357W934;
				INFOPLIST_FILE = TicTacToeTests/Info.plist;
				LD_RUNPATH_SEARCH_PATHS = "$(inherited) @executable_path/Frameworks @loader_path/Frameworks";
				PRODUCT_BUNDLE_IDENTIFIER = com.jakezeal.TicTacToeTests;
				PRODUCT_NAME = "$(TARGET_NAME)";
				SWIFT_VERSION = 3.0;
				TEST_HOST = "$(BUILT_PRODUCTS_DIR)/TicTacToe.app/TicTacToe";
			};
			name = Release;
		};
/* End XCBuildConfiguration section */

/* Begin XCConfigurationList section */
		E288FFBE1DBA8D5A00D22189 /* Build configuration list for PBXProject "TicTacToe" */ = {
			isa = XCConfigurationList;
			buildConfigurations = (
				E288FFDE1DBA8D5B00D22189 /* Debug */,
				E288FFDF1DBA8D5B00D22189 /* Release */,
			);
			defaultConfigurationIsVisible = 0;
			defaultConfigurationName = Release;
		};
		E288FFE01DBA8D5B00D22189 /* Build configuration list for PBXNativeTarget "TicTacToe" */ = {
			isa = XCConfigurationList;
			buildConfigurations = (
				E288FFE11DBA8D5B00D22189 /* Debug */,
				E288FFE21DBA8D5B00D22189 /* Release */,
			);
			defaultConfigurationIsVisible = 0;
		};
		E288FFE31DBA8D5B00D22189 /* Build configuration list for PBXNativeTarget "TicTacToeTests" */ = {
			isa = XCConfigurationList;
			buildConfigurations = (
				E288FFE41DBA8D5B00D22189 /* Debug */,
				E288FFE51DBA8D5B00D22189 /* Release */,
			);
			defaultConfigurationIsVisible = 0;
		};
/* End XCConfigurationList section */
	};
	rootObject = E288FFBB1DBA8D5A00D22189 /* Project object */;
}
